
Microsoft Visual Studio Solution File, Format Version 12.00
# Visual Studio Version 17
VisualStudioVersion = 17.0.31903.59
MinimumVisualStudioVersion = 10.0.40219.1
Project("{9A19103F-16F7-4668-BE54-9A1E7A4F7556}") = "TasteBudz.Backend", "src\TasteBudz.Backend\TasteBudz.Backend.csproj", "{FBB25EF3-68B8-4784-B0AE-76589FC55878}"
EndProject
Project("{9A19103F-16F7-4668-BE54-9A1E7A4F7556}") = "TasteBudz.Backend.UnitTests", "tests\TasteBudz.Backend.UnitTests\TasteBudz.Backend.UnitTests.csproj", "{D8A443E1-E81B-4B7A-9109-CD49FA3481F1}"
EndProject
Project("{9A19103F-16F7-4668-BE54-9A1E7A4F7556}") = "TasteBudz.Backend.IntegrationTests", "tests\TasteBudz.Backend.IntegrationTests\TasteBudz.Backend.IntegrationTests.csproj", "{CAACB5BC-E587-47D4-AB6C-3EEE01B6D5A4}"
EndProject
Global
	GlobalSection(SolutionConfigurationPlatforms) = preSolution
		Debug|Any CPU = Debug|Any CPU
		Debug|x64 = Debug|x64
		Debug|x86 = Debug|x86
		Release|Any CPU = Release|Any CPU
		Release|x64 = Release|x64
		Release|x86 = Release|x86
	EndGlobalSection
	GlobalSection(ProjectConfigurationPlatforms) = postSolution
		{FBB25EF3-68B8-4784-B0AE-76589FC55878}.Debug|Any CPU.ActiveCfg = Debug|Any CPU
		{FBB25EF3-68B8-4784-B0AE-76589FC55878}.Debug|Any CPU.Build.0 = Debug|Any CPU
		{FBB25EF3-68B8-4784-B0AE-76589FC55878}.Debug|x64.ActiveCfg = Debug|Any CPU
		{FBB25EF3-68B8-4784-B0AE-76589FC55878}.Debug|x64.Build.0 = Debug|Any CPU
		{FBB25EF3-68B8-4784-B0AE-76589FC55878}.Debug|x86.ActiveCfg = Debug|Any CPU
		{FBB25EF3-68B8-4784-B0AE-76589FC55878}.Debug|x86.Build.0 = Debug|Any CPU
		{FBB25EF3-68B8-4784-B0AE-76589FC55878}.Release|Any CPU.ActiveCfg = Release|Any CPU
		{FBB25EF3-68B8-4784-B0AE-76589FC55878}.Release|Any CPU.Build.0 = Release|Any CPU
		{FBB25EF3-68B8-4784-B0AE-76589FC55878}.Release|x64.ActiveCfg = Release|Any CPU
		{FBB25EF3-68B8-4784-B0AE-76589FC55878}.Release|x64.Build.0 = Release|Any CPU
		{FBB25EF3-68B8-4784-B0AE-76589FC55878}.Release|x86.ActiveCfg = Release|Any CPU
		{FBB25EF3-68B8-4784-B0AE-76589FC55878}.Release|x86.Build.0 = Release|Any CPU
		{D8A443E1-E81B-4B7A-9109-CD49FA3481F1}.Debug|Any CPU.ActiveCfg = Debug|Any CPU
		{D8A443E1-E81B-4B7A-9109-CD49FA3481F1}.Debug|Any CPU.Build.0 = Debug|Any CPU
		{D8A443E1-E81B-4B7A-9109-CD49FA3481F1}.Debug|x64.ActiveCfg = Debug|Any CPU
		{D8A443E1-E81B-4B7A-9109-CD49FA3481F1}.Debug|x64.Build.0 = Debug|Any CPU
		{D8A443E1-E81B-4B7A-9109-CD49FA3481F1}.Debug|x86.ActiveCfg = Debug|Any CPU
		{D8A443E1-E81B-4B7A-9109-CD49FA3481F1}.Debug|x86.Build.0 = Debug|Any CPU
		{D8A443E1-E81B-4B7A-9109-CD49FA3481F1}.Release|Any CPU.ActiveCfg = Release|Any CPU
		{D8A443E1-E81B-4B7A-9109-CD49FA3481F1}.Release|Any CPU.Build.0 = Release|Any CPU
		{D8A443E1-E81B-4B7A-9109-CD49FA3481F1}.Release|x64.ActiveCfg = Release|Any CPU
		{D8A443E1-E81B-4B7A-9109-CD49FA3481F1}.Release|x64.Build.0 = Release|Any CPU
		{D8A443E1-E81B-4B7A-9109-CD49FA3481F1}.Release|x86.ActiveCfg = Release|Any CPU
		{D8A443E1-E81B-4B7A-9109-CD49FA3481F1}.Release|x86.Build.0 = Release|Any CPU
		{CAACB5BC-E587-47D4-AB6C-3EEE01B6D5A4}.Debug|Any CPU.ActiveCfg = Debug|Any CPU
		{CAACB5BC-E587-47D4-AB6C-3EEE01B6D5A4}.Debug|Any CPU.Build.0 = Debug|Any CPU
		{CAACB5BC-E587-47D4-AB6C-3EEE01B6D5A4}.Debug|x64.ActiveCfg = Debug|Any CPU
		{CAACB5BC-E587-47D4-AB6C-3EEE01B6D5A4}.Debug|x64.Build.0 = Debug|Any CPU
		{CAACB5BC-E587-47D4-AB6C-3EEE01B6D5A4}.Debug|x86.ActiveCfg = Debug|Any CPU
		{CAACB5BC-E587-47D4-AB6C-3EEE01B6D5A4}.Debug|x86.Build.0 = Debug|Any CPU
		{CAACB5BC-E587-47D4-AB6C-3EEE01B6D5A4}.Release|Any CPU.ActiveCfg = Release|Any CPU
		{CAACB5BC-E587-47D4-AB6C-3EEE01B6D5A4}.Release|Any CPU.Build.0 = Release|Any CPU
		{CAACB5BC-E587-47D4-AB6C-3EEE01B6D5A4}.Release|x64.ActiveCfg = Release|Any CPU
		{CAACB5BC-E587-47D4-AB6C-3EEE01B6D5A4}.Release|x64.Build.0 = Release|Any CPU
		{CAACB5BC-E587-47D4-AB6C-3EEE01B6D5A4}.Release|x86.ActiveCfg = Release|Any CPU
		{CAACB5BC-E587-47D4-AB6C-3EEE01B6D5A4}.Release|x86.Build.0 = Release|Any CPU
	EndGlobalSection
	GlobalSection(SolutionProperties) = preSolution
		HideSolutionNode = FALSE
	EndGlobalSection
EndGlobal

